// !$*UTF8*$!
{
	archiveVersion = 1;
	classes = {
	};
	objectVersion = 46;
	objects = {

/* Begin PBXBuildFile section */
		0832B3D7C44853700BA23E36 /* Pods_FlappySwift.framework in Frameworks */ = {isa = PBXBuildFile; fileRef = 0940781FAC5B1654224AC15A /* Pods_FlappySwift.framework */; };
		EE6FBAAD1BCDACE900E8E5C8 /* Score.swift in Sources */ = {isa = PBXBuildFile; fileRef = EE6FBAAC1BCDACE900E8E5C8 /* Score.swift */; };
		EEC8AD191BCC5636001E4F28 /* AppDelegate.swift in Sources */ = {isa = PBXBuildFile; fileRef = EEC8AD181BCC5636001E4F28 /* AppDelegate.swift */; };
		EEC8AD1B1BCC5636001E4F28 /* GameScene.sks in Resources */ = {isa = PBXBuildFile; fileRef = EEC8AD1A1BCC5636001E4F28 /* GameScene.sks */; };
		EEC8AD1D1BCC5636001E4F28 /* GameScene.swift in Sources */ = {isa = PBXBuildFile; fileRef = EEC8AD1C1BCC5636001E4F28 /* GameScene.swift */; };
		EEC8AD1F1BCC5636001E4F28 /* GameViewController.swift in Sources */ = {isa = PBXBuildFile; fileRef = EEC8AD1E1BCC5636001E4F28 /* GameViewController.swift */; };
		EEC8AD221BCC5636001E4F28 /* Main.storyboard in Resources */ = {isa = PBXBuildFile; fileRef = EEC8AD201BCC5636001E4F28 /* Main.storyboard */; };
		EEC8AD241BCC5636001E4F28 /* Assets.xcassets in Resources */ = {isa = PBXBuildFile; fileRef = EEC8AD231BCC5636001E4F28 /* Assets.xcassets */; };
		EEC8AD271BCC5636001E4F28 /* LaunchScreen.storyboard in Resources */ = {isa = PBXBuildFile; fileRef = EEC8AD251BCC5636001E4F28 /* LaunchScreen.storyboard */; };
		EEC8AD2F1BCC58ED001E4F28 /* MenuViewController.swift in Sources */ = {isa = PBXBuildFile; fileRef = EEC8AD2E1BCC58ED001E4F28 /* MenuViewController.swift */; };
		EEC8AD431BCC69E1001E4F28 /* ParallaxNode.swift in Sources */ = {isa = PBXBuildFile; fileRef = EEC8AD421BCC69E1001E4F28 /* ParallaxNode.swift */; };
		EEC8AD461BCC69EA001E4F28 /* Background.swift in Sources */ = {isa = PBXBuildFile; fileRef = EEC8AD441BCC69EA001E4F28 /* Background.swift */; };
		EEC8AD471BCC69EA001E4F28 /* Startable.swift in Sources */ = {isa = PBXBuildFile; fileRef = EEC8AD451BCC69EA001E4F28 /* Startable.swift */; };
		EEC8AD491BCC6AE4001E4F28 /* Bird.swift in Sources */ = {isa = PBXBuildFile; fileRef = EEC8AD481BCC6AE4001E4F28 /* Bird.swift */; };
		EEC8AD4B1BCC6AFA001E4F28 /* SKPhysicsBody+FlappySwift.swift in Sources */ = {isa = PBXBuildFile; fileRef = EEC8AD4A1BCC6AFA001E4F28 /* SKPhysicsBody+FlappySwift.swift */; };
		EEC8AD4E1BCC6D71001E4F28 /* Pipes.swift in Sources */ = {isa = PBXBuildFile; fileRef = EEC8AD4C1BCC6D71001E4F28 /* Pipes.swift */; };
		EEC8AD4F1BCC6D71001E4F28 /* PipesNode.swift in Sources */ = {isa = PBXBuildFile; fileRef = EEC8AD4D1BCC6D71001E4F28 /* PipesNode.swift */; };
		EECE42891BD59BCB00D7EE35 /* flap.wav in Resources */ = {isa = PBXBuildFile; fileRef = EECE42851BD59BCB00D7EE35 /* flap.wav */; };
		EECE428A1BD59BCB00D7EE35 /* Pamgaea.mp3 in Resources */ = {isa = PBXBuildFile; fileRef = EECE42861BD59BCB00D7EE35 /* Pamgaea.mp3 */; };
		EECE428B1BD59BCB00D7EE35 /* punch.wav in Resources */ = {isa = PBXBuildFile; fileRef = EECE42871BD59BCB00D7EE35 /* punch.wav */; };
		EECE428C1BD59BCB00D7EE35 /* yeah.mp3 in Resources */ = {isa = PBXBuildFile; fileRef = EECE42881BD59BCB00D7EE35 /* yeah.mp3 */; };
		EECE428E1BD59C6900D7EE35 /* MusicPlayer.swift in Sources */ = {isa = PBXBuildFile; fileRef = EECE428D1BD59C6900D7EE35 /* MusicPlayer.swift */; };
		EECE42901BD59E3700D7EE35 /* SKAction+FlappySwift.swift in Sources */ = {isa = PBXBuildFile; fileRef = EECE428F1BD59E3700D7EE35 /* SKAction+FlappySwift.swift */; };
		EECE42921BD59EA000D7EE35 /* utilities.swift in Sources */ = {isa = PBXBuildFile; fileRef = EECE42911BD59EA000D7EE35 /* utilities.swift */; };
		EECE42941BD5A26D00D7EE35 /* GameCenter.swift in Sources */ = {isa = PBXBuildFile; fileRef = EECE42931BD5A26D00D7EE35 /* GameCenter.swift */; };
/* End PBXBuildFile section */

/* Begin PBXFileReference section */
		0940781FAC5B1654224AC15A /* Pods_FlappySwift.framework */ = {isa = PBXFileReference; explicitFileType = wrapper.framework; includeInIndex = 0; path = Pods_FlappySwift.framework; sourceTree = BUILT_PRODUCTS_DIR; };
		BCA2159A14C70B5FF671B515 /* Pods-FlappySwift.debug.xcconfig */ = {isa = PBXFileReference; includeInIndex = 1; lastKnownFileType = text.xcconfig; name = "Pods-FlappySwift.debug.xcconfig"; path = "Pods/Target Support Files/Pods-FlappySwift/Pods-FlappySwift.debug.xcconfig"; sourceTree = "<group>"; };
		D98794B7DB231557A68635CF /* Pods-FlappySwift.release.xcconfig */ = {isa = PBXFileReference; includeInIndex = 1; lastKnownFileType = text.xcconfig; name = "Pods-FlappySwift.release.xcconfig"; path = "Pods/Target Support Files/Pods-FlappySwift/Pods-FlappySwift.release.xcconfig"; sourceTree = "<group>"; };
		EE6FBAAC1BCDACE900E8E5C8 /* Score.swift */ = {isa = PBXFileReference; fileEncoding = 4; lastKnownFileType = sourcecode.swift; path = Score.swift; sourceTree = "<group>"; };
		EEC8AD151BCC5636001E4F28 /* FlappySwift.app */ = {isa = PBXFileReference; explicitFileType = wrapper.application; includeInIndex = 0; path = FlappySwift.app; sourceTree = BUILT_PRODUCTS_DIR; };
		EEC8AD181BCC5636001E4F28 /* AppDelegate.swift */ = {isa = PBXFileReference; lastKnownFileType = sourcecode.swift; path = AppDelegate.swift; sourceTree = "<group>"; };
		EEC8AD1A1BCC5636001E4F28 /* GameScene.sks */ = {isa = PBXFileReference; lastKnownFileType = file.sks; path = GameScene.sks; sourceTree = "<group>"; };
		EEC8AD1C1BCC5636001E4F28 /* GameScene.swift */ = {isa = PBXFileReference; lastKnownFileType = sourcecode.swift; path = GameScene.swift; sourceTree = "<group>"; };
		EEC8AD1E1BCC5636001E4F28 /* GameViewController.swift */ = {isa = PBXFileReference; lastKnownFileType = sourcecode.swift; path = GameViewController.swift; sourceTree = "<group>"; };
		EEC8AD211BCC5636001E4F28 /* Base */ = {isa = PBXFileReference; lastKnownFileType = file.storyboard; name = Base; path = Base.lproj/Main.storyboard; sourceTree = "<group>"; };
		EEC8AD231BCC5636001E4F28 /* Assets.xcassets */ = {isa = PBXFileReference; lastKnownFileType = folder.assetcatalog; path = Assets.xcassets; sourceTree = "<group>"; };
		EEC8AD261BCC5636001E4F28 /* Base */ = {isa = PBXFileReference; lastKnownFileType = file.storyboard; name = Base; path = Base.lproj/LaunchScreen.storyboard; sourceTree = "<group>"; };
		EEC8AD281BCC5636001E4F28 /* Info.plist */ = {isa = PBXFileReference; lastKnownFileType = text.plist.xml; path = Info.plist; sourceTree = "<group>"; };
		EEC8AD2E1BCC58ED001E4F28 /* MenuViewController.swift */ = {isa = PBXFileReference; fileEncoding = 4; lastKnownFileType = sourcecode.swift; path = MenuViewController.swift; sourceTree = "<group>"; };
		EEC8AD421BCC69E1001E4F28 /* ParallaxNode.swift */ = {isa = PBXFileReference; fileEncoding = 4; lastKnownFileType = sourcecode.swift; path = ParallaxNode.swift; sourceTree = "<group>"; };
		EEC8AD441BCC69EA001E4F28 /* Background.swift */ = {isa = PBXFileReference; fileEncoding = 4; lastKnownFileType = sourcecode.swift; path = Background.swift; sourceTree = "<group>"; };
		EEC8AD451BCC69EA001E4F28 /* Startable.swift */ = {isa = PBXFileReference; fileEncoding = 4; lastKnownFileType = sourcecode.swift; path = Startable.swift; sourceTree = "<group>"; };
		EEC8AD481BCC6AE4001E4F28 /* Bird.swift */ = {isa = PBXFileReference; fileEncoding = 4; lastKnownFileType = sourcecode.swift; path = Bird.swift; sourceTree = "<group>"; };
		EEC8AD4A1BCC6AFA001E4F28 /* SKPhysicsBody+FlappySwift.swift */ = {isa = PBXFileReference; fileEncoding = 4; lastKnownFileType = sourcecode.swift; path = "SKPhysicsBody+FlappySwift.swift"; sourceTree = "<group>"; };
		EEC8AD4C1BCC6D71001E4F28 /* Pipes.swift */ = {isa = PBXFileReference; fileEncoding = 4; lastKnownFileType = sourcecode.swift; path = Pipes.swift; sourceTree = "<group>"; };
		EEC8AD4D1BCC6D71001E4F28 /* PipesNode.swift */ = {isa = PBXFileReference; fileEncoding = 4; lastKnownFileType = sourcecode.swift; path = PipesNode.swift; sourceTree = "<group>"; };
		EECE42851BD59BCB00D7EE35 /* flap.wav */ = {isa = PBXFileReference; lastKnownFileType = audio.wav; path = flap.wav; sourceTree = "<group>"; };
		EECE42861BD59BCB00D7EE35 /* Pamgaea.mp3 */ = {isa = PBXFileReference; lastKnownFileType = audio.mp3; path = Pamgaea.mp3; sourceTree = "<group>"; };
		EECE42871BD59BCB00D7EE35 /* punch.wav */ = {isa = PBXFileReference; lastKnownFileType = audio.wav; path = punch.wav; sourceTree = "<group>"; };
		EECE42881BD59BCB00D7EE35 /* yeah.mp3 */ = {isa = PBXFileReference; lastKnownFileType = audio.mp3; path = yeah.mp3; sourceTree = "<group>"; };
		EECE428D1BD59C6900D7EE35 /* MusicPlayer.swift */ = {isa = PBXFileReference; fileEncoding = 4; lastKnownFileType = sourcecode.swift; path = MusicPlayer.swift; sourceTree = "<group>"; };
		EECE428F1BD59E3700D7EE35 /* SKAction+FlappySwift.swift */ = {isa = PBXFileReference; fileEncoding = 4; lastKnownFileType = sourcecode.swift; path = "SKAction+FlappySwift.swift"; sourceTree = "<group>"; };
		EECE42911BD59EA000D7EE35 /* utilities.swift */ = {isa = PBXFileReference; fileEncoding = 4; lastKnownFileType = sourcecode.swift; path = utilities.swift; sourceTree = "<group>"; };
		EECE42931BD5A26D00D7EE35 /* GameCenter.swift */ = {isa = PBXFileReference; fileEncoding = 4; lastKnownFileType = sourcecode.swift; path = GameCenter.swift; sourceTree = "<group>"; };
/* End PBXFileReference section */

/* Begin PBXFrameworksBuildPhase section */
		EEC8AD121BCC5636001E4F28 /* Frameworks */ = {
			isa = PBXFrameworksBuildPhase;
			buildActionMask = 2147483647;
			files = (
				0832B3D7C44853700BA23E36 /* Pods_FlappySwift.framework in Frameworks */,
			);
			runOnlyForDeploymentPostprocessing = 0;
		};
/* End PBXFrameworksBuildPhase section */

/* Begin PBXGroup section */
		43AE8A4DD6DFBC77924BF148 /* Frameworks */ = {
			isa = PBXGroup;
			children = (
				0940781FAC5B1654224AC15A /* Pods_FlappySwift.framework */,
			);
			name = Frameworks;
			sourceTree = "<group>";
		};
		63BD4AD69A3CBE42E7B7169B /* Pods */ = {
			isa = PBXGroup;
			children = (
				BCA2159A14C70B5FF671B515 /* Pods-FlappySwift.debug.xcconfig */,
				D98794B7DB231557A68635CF /* Pods-FlappySwift.release.xcconfig */,
			);
			name = Pods;
			sourceTree = "<group>";
		};
		EEC8AD0C1BCC5636001E4F28 = {
			isa = PBXGroup;
			children = (
				EEC8AD171BCC5636001E4F28 /* FlappySwift */,
				43AE8A4DD6DFBC77924BF148 /* Frameworks */,
				63BD4AD69A3CBE42E7B7169B /* Pods */,
				EEC8AD161BCC5636001E4F28 /* Products */,
				EECE42831BD59B9900D7EE35 /* Supporting Files */,
			);
			sourceTree = "<group>";
		};
		EEC8AD161BCC5636001E4F28 /* Products */ = {
			isa = PBXGroup;
			children = (
				EEC8AD151BCC5636001E4F28 /* FlappySwift.app */,
			);
			name = Products;
			sourceTree = "<group>";
		};
		EEC8AD171BCC5636001E4F28 /* FlappySwift */ = {
			isa = PBXGroup;
			children = (
				EECE42931BD5A26D00D7EE35 /* GameCenter.swift */,
				EECE42911BD59EA000D7EE35 /* utilities.swift */,
				EECE428F1BD59E3700D7EE35 /* SKAction+FlappySwift.swift */,
				EECE428D1BD59C6900D7EE35 /* MusicPlayer.swift */,
				EEC8AD401BCC69CC001E4F28 /* Actors */,
				EEC8AD181BCC5636001E4F28 /* AppDelegate.swift */,
				EEC8AD231BCC5636001E4F28 /* Assets.xcassets */,
				EEC8AD1A1BCC5636001E4F28 /* GameScene.sks */,
				EEC8AD1C1BCC5636001E4F28 /* GameScene.swift */,
				EEC8AD1E1BCC5636001E4F28 /* GameViewController.swift */,
				EEC8AD281BCC5636001E4F28 /* Info.plist */,
				EEC8AD251BCC5636001E4F28 /* LaunchScreen.storyboard */,
				EEC8AD201BCC5636001E4F28 /* Main.storyboard */,
				EEC8AD2E1BCC58ED001E4F28 /* MenuViewController.swift */,
			);
			path = FlappySwift;
			sourceTree = "<group>";
		};
		EEC8AD401BCC69CC001E4F28 /* Actors */ = {
			isa = PBXGroup;
			children = (
				EEC8AD4C1BCC6D71001E4F28 /* Pipes.swift */,
				EEC8AD4D1BCC6D71001E4F28 /* PipesNode.swift */,
				EEC8AD481BCC6AE4001E4F28 /* Bird.swift */,
				EEC8AD441BCC69EA001E4F28 /* Background.swift */,
				EEC8AD451BCC69EA001E4F28 /* Startable.swift */,
				EEC8AD411BCC69D6001E4F28 /* Nodes */,
			);
			name = Actors;
			sourceTree = "<group>";
		};
		EEC8AD411BCC69D6001E4F28 /* Nodes */ = {
			isa = PBXGroup;
			children = (
				EE6FBAAC1BCDACE900E8E5C8 /* Score.swift */,
				EEC8AD4A1BCC6AFA001E4F28 /* SKPhysicsBody+FlappySwift.swift */,
				EEC8AD421BCC69E1001E4F28 /* ParallaxNode.swift */,
			);
			name = Nodes;
			sourceTree = "<group>";
		};
		EECE42831BD59B9900D7EE35 /* Supporting Files */ = {
			isa = PBXGroup;
			children = (
				EECE42841BD59BAA00D7EE35 /* sounds */,
			);
			name = "Supporting Files";
			sourceTree = "<group>";
		};
		EECE42841BD59BAA00D7EE35 /* sounds */ = {
			isa = PBXGroup;
			children = (
				EECE42851BD59BCB00D7EE35 /* flap.wav */,
				EECE42861BD59BCB00D7EE35 /* Pamgaea.mp3 */,
				EECE42871BD59BCB00D7EE35 /* punch.wav */,
				EECE42881BD59BCB00D7EE35 /* yeah.mp3 */,
			);
			name = sounds;
			sourceTree = "<group>";
		};
/* End PBXGroup section */

/* Begin PBXNativeTarget section */
		EEC8AD141BCC5636001E4F28 /* FlappySwift */ = {
			isa = PBXNativeTarget;
			buildConfigurationList = EEC8AD2B1BCC5636001E4F28 /* Build configuration list for PBXNativeTarget "FlappySwift" */;
			buildPhases = (
				A86B3CD84C40AC8B271CDECD /* Check Pods Manifest.lock */,
				EEC8AD111BCC5636001E4F28 /* Sources */,
				EEC8AD121BCC5636001E4F28 /* Frameworks */,
				EEC8AD131BCC5636001E4F28 /* Resources */,
				3BE22E924EC71FBD3D25DC64 /* Embed Pods Frameworks */,
				E49E8E183917C87C1F496F3E /* Copy Pods Resources */,
			);
			buildRules = (
			);
			dependencies = (
			);
			name = FlappySwift;
			productName = FlappySwift;
			productReference = EEC8AD151BCC5636001E4F28 /* FlappySwift.app */;
			productType = "com.apple.product-type.application";
		};
/* End PBXNativeTarget section */

/* Begin PBXProject section */
		EEC8AD0D1BCC5636001E4F28 /* Project object */ = {
			isa = PBXProject;
			attributes = {
				LastSwiftUpdateCheck = 0710;
				LastUpgradeCheck = 0710;
				ORGANIZATIONNAME = "Giordano Scalzo";
				TargetAttributes = {
					EEC8AD141BCC5636001E4F28 = {
						CreatedOnToolsVersion = 7.1;
					};
				};
			};
			buildConfigurationList = EEC8AD101BCC5636001E4F28 /* Build configuration list for PBXProject "FlappySwift" */;
			compatibilityVersion = "Xcode 3.2";
			developmentRegion = English;
			hasScannedForEncodings = 0;
			knownRegions = (
				en,
				Base,
			);
			mainGroup = EEC8AD0C1BCC5636001E4F28;
			productRefGroup = EEC8AD161BCC5636001E4F28 /* Products */;
			projectDirPath = "";
			projectRoot = "";
			targets = (
				EEC8AD141BCC5636001E4F28 /* FlappySwift */,
			);
		};
/* End PBXProject section */

/* Begin PBXResourcesBuildPhase section */
		EEC8AD131BCC5636001E4F28 /* Resources */ = {
			isa = PBXResourcesBuildPhase;
			buildActionMask = 2147483647;
			files = (
				EECE42891BD59BCB00D7EE35 /* flap.wav in Resources */,
				EEC8AD1B1BCC5636001E4F28 /* GameScene.sks in Resources */,
				EEC8AD271BCC5636001E4F28 /* LaunchScreen.storyboard in Resources */,
				EEC8AD241BCC5636001E4F28 /* Assets.xcassets in Resources */,
				EEC8AD221BCC5636001E4F28 /* Main.storyboard in Resources */,
				EECE428C1BD59BCB00D7EE35 /* yeah.mp3 in Resources */,
				EECE428B1BD59BCB00D7EE35 /* punch.wav in Resources */,
				EECE428A1BD59BCB00D7EE35 /* Pamgaea.mp3 in Resources */,
			);
			runOnlyForDeploymentPostprocessing = 0;
		};
/* End PBXResourcesBuildPhase section */

/* Begin PBXShellScriptBuildPhase section */
		3BE22E924EC71FBD3D25DC64 /* Embed Pods Frameworks */ = {
			isa = PBXShellScriptBuildPhase;
			buildActionMask = 2147483647;
			files = (
			);
			inputPaths = (
			);
			name = "Embed Pods Frameworks";
			outputPaths = (
			);
			runOnlyForDeploymentPostprocessing = 0;
			shellPath = /bin/sh;
			shellScript = "\"${SRCROOT}/Pods/Target Support Files/Pods-FlappySwift/Pods-FlappySwift-frameworks.sh\"\n";
			showEnvVarsInLog = 0;
		};
		A86B3CD84C40AC8B271CDECD /* Check Pods Manifest.lock */ = {
			isa = PBXShellScriptBuildPhase;
			buildActionMask = 2147483647;
			files = (
			);
			inputPaths = (
			);
			name = "Check Pods Manifest.lock";
			outputPaths = (
			);
			runOnlyForDeploymentPostprocessing = 0;
			shellPath = /bin/sh;
			shellScript = "diff \"${PODS_ROOT}/../Podfile.lock\" \"${PODS_ROOT}/Manifest.lock\" > /dev/null\nif [[ $? != 0 ]] ; then\n    cat << EOM\nerror: The sandbox is not in sync with the Podfile.lock. Run 'pod install' or update your CocoaPods installation.\nEOM\n    exit 1\nfi\n";
			showEnvVarsInLog = 0;
		};
		E49E8E183917C87C1F496F3E /* Copy Pods Resources */ = {
			isa = PBXShellScriptBuildPhase;
			buildActionMask = 2147483647;
			files = (
			);
			inputPaths = (
			);
			name = "Copy Pods Resources";
			outputPaths = (
			);
			runOnlyForDeploymentPostprocessing = 0;
			shellPath = /bin/sh;
			shellScript = "\"${SRCROOT}/Pods/Target Support Files/Pods-FlappySwift/Pods-FlappySwift-resources.sh\"\n";
			showEnvVarsInLog = 0;
		};
/* End PBXShellScriptBuildPhase section */

/* Begin PBXSourcesBuildPhase section */
		EEC8AD111BCC5636001E4F28 /* Sources */ = {
			isa = PBXSourcesBuildPhase;
			buildActionMask = 2147483647;
			files = (
				EECE428E1BD59C6900D7EE35 /* MusicPlayer.swift in Sources */,
				EEC8AD431BCC69E1001E4F28 /* ParallaxNode.swift in Sources */,
				EEC8AD4E1BCC6D71001E4F28 /* Pipes.swift in Sources */,
				EECE42901BD59E3700D7EE35 /* SKAction+FlappySwift.swift in Sources */,
				EEC8AD4B1BCC6AFA001E4F28 /* SKPhysicsBody+FlappySwift.swift in Sources */,
				EEC8AD471BCC69EA001E4F28 /* Startable.swift in Sources */,
				EECE42941BD5A26D00D7EE35 /* GameCenter.swift in Sources */,
				EECE42921BD59EA000D7EE35 /* utilities.swift in Sources */,
				EEC8AD491BCC6AE4001E4F28 /* Bird.swift in Sources */,
				EEC8AD461BCC69EA001E4F28 /* Background.swift in Sources */,
				EEC8AD4F1BCC6D71001E4F28 /* PipesNode.swift in Sources */,
				EEC8AD1D1BCC5636001E4F28 /* GameScene.swift in Sources */,
				EEC8AD1F1BCC5636001E4F28 /* GameViewController.swift in Sources */,
				EEC8AD191BCC5636001E4F28 /* AppDelegate.swift in Sources */,
				EE6FBAAD1BCDACE900E8E5C8 /* Score.swift in Sources */,
				EEC8AD2F1BCC58ED001E4F28 /* MenuViewController.swift in Sources */,
			);
			runOnlyForDeploymentPostprocessing = 0;
		};
/* End PBXSourcesBuildPhase section */

/* Begin PBXVariantGroup section */
		EEC8AD201BCC5636001E4F28 /* Main.storyboard */ = {
			isa = PBXVariantGroup;
			children = (
				EEC8AD211BCC5636001E4F28 /* Base */,
			);
			name = Main.storyboard;
			sourceTree = "<group>";
		};
		EEC8AD251BCC5636001E4F28 /* LaunchScreen.storyboard */ = {
			isa = PBXVariantGroup;
			children = (
				EEC8AD261BCC5636001E4F28 /* Base */,
			);
			name = LaunchScreen.storyboard;
			sourceTree = "<group>";
		};
/* End PBXVariantGroup section */

/* Begin XCBuildConfiguration section */
		EEC8AD291BCC5636001E4F28 /* Debug */ = {
			isa = XCBuildConfiguration;
			buildSettings = {
				ALWAYS_SEARCH_USER_PATHS = NO;
				CLANG_CXX_LANGUAGE_STANDARD = "gnu++0x";
				CLANG_CXX_LIBRARY = "libc++";
				CLANG_ENABLE_MODULES = YES;
				CLANG_ENABLE_OBJC_ARC = YES;
				CLANG_WARN_BOOL_CONVERSION = YES;
				CLANG_WARN_CONSTANT_CONVERSION = YES;
				CLANG_WARN_DIRECT_OBJC_ISA_USAGE = YES_ERROR;
				CLANG_WARN_EMPTY_BODY = YES;
				CLANG_WARN_ENUM_CONVERSION = YES;
				CLANG_WARN_INT_CONVERSION = YES;
				CLANG_WARN_OBJC_ROOT_CLASS = YES_ERROR;
				CLANG_WARN_UNREACHABLE_CODE = YES;
				CLANG_WARN__DUPLICATE_METHOD_MATCH = YES;
				"CODE_SIGN_IDENTITY[sdk=iphoneos*]" = "iPhone Developer";
				COPY_PHASE_STRIP = NO;
				DEBUG_INFORMATION_FORMAT = "dwarf-with-dsym";
				ENABLE_STRICT_OBJC_MSGSEND = YES;
				ENABLE_TESTABILITY = YES;
				GCC_C_LANGUAGE_STANDARD = gnu99;
				GCC_DYNAMIC_NO_PIC = NO;
				GCC_NO_COMMON_BLOCKS = YES;
				GCC_OPTIMIZATION_LEVEL = 0;
				GCC_PREPROCESSOR_DEFINITIONS = (
					"DEBUG=1",
					"$(inherited)",
				);
				GCC_WARN_64_TO_32_BIT_CONVERSION = YES;
				GCC_WARN_ABOUT_RETURN_TYPE = YES_ERROR;
				GCC_WARN_UNDECLARED_SELECTOR = YES;
				GCC_WARN_UNINITIALIZED_AUTOS = YES_AGGRESSIVE;
				GCC_WARN_UNUSED_FUNCTION = YES;
				GCC_WARN_UNUSED_VARIABLE = YES;
				IPHONEOS_DEPLOYMENT_TARGET = 9.1;
				MTL_ENABLE_DEBUG_INFO = YES;
				ONLY_ACTIVE_ARCH = YES;
				SDKROOT = iphoneos;
				SWIFT_OPTIMIZATION_LEVEL = "-Onone";
			};
			name = Debug;
		};
		EEC8AD2A1BCC5636001E4F28 /* Release */ = {
			isa = XCBuildConfiguration;
			buildSettings = {
				ALWAYS_SEARCH_USER_PATHS = NO;
				CLANG_CXX_LANGUAGE_STANDARD = "gnu++0x";
				CLANG_CXX_LIBRARY = "libc++";
				CLANG_ENABLE_MODULES = YES;
				CLANG_ENABLE_OBJC_ARC = YES;
				CLANG_WARN_BOOL_CONVERSION = YES;
				CLANG_WARN_CONSTANT_CONVERSION = YES;
				CLANG_WARN_DIRECT_OBJC_ISA_USAGE = YES_ERROR;
				CLANG_WARN_EMPTY_BODY = YES;
				CLANG_WARN_ENUM_CONVERSION = YES;
				CLANG_WARN_INT_CONVERSION = YES;
				CLANG_WARN_OBJC_ROOT_CLASS = YES_ERROR;
				CLANG_WARN_UNREACHABLE_CODE = YES;
				CLANG_WARN__DUPLICATE_METHOD_MATCH = YES;
				"CODE_SIGN_IDENTITY[sdk=iphoneos*]" = "iPhone Developer";
				COPY_PHASE_STRIP = NO;
				DEBUG_INFORMATION_FORMAT = "dwarf-with-dsym";
				ENABLE_NS_ASSERTIONS = NO;
				ENABLE_STRICT_OBJC_MSGSEND = YES;
				GCC_C_LANGUAGE_STANDARD = gnu99;
				GCC_NO_COMMON_BLOCKS = YES;
				GCC_WARN_64_TO_32_BIT_CONVERSION = YES;
				GCC_WARN_ABOUT_RETURN_TYPE = YES_ERROR;
				GCC_WARN_UNDECLARED_SELECTOR = YES;
				GCC_WARN_UNINITIALIZED_AUTOS = YES_AGGRESSIVE;
				GCC_WARN_UNUSED_FUNCTION = YES;
				GCC_WARN_UNUSED_VARIABLE = YES;
				IPHONEOS_DEPLOYMENT_TARGET = 9.1;
				MTL_ENABLE_DEBUG_INFO = NO;
				SDKROOT = iphoneos;
				VALIDATE_PRODUCT = YES;
			};
			name = Release;
		};
		EEC8AD2C1BCC5636001E4F28 /* Debug */ = {
			isa = XCBuildConfiguration;
			baseConfigurationReference = BCA2159A14C70B5FF671B515 /* Pods-FlappySwift.debug.xcconfig */;
			buildSettings = {
				ASSETCATALOG_COMPILER_APPICON_NAME = AppIcon;
				INFOPLIST_FILE = FlappySwift/Info.plist;
				IPHONEOS_DEPLOYMENT_TARGET = 9.1;
				LD_RUNPATH_SEARCH_PATHS = "$(inherited) @executable_path/Frameworks";
				PRODUCT_BUNDLE_IDENTIFIER = co.uk.effectivecode.FlappySwift;
				PRODUCT_NAME = "$(TARGET_NAME)";
			};
			name = Debug;
		};
		EEC8AD2D1BCC5636001E4F28 /* Release */ = {
			isa = XCBuildConfiguration;
			baseConfigurationReference = D98794B7DB231557A68635CF /* Pods-FlappySwift.release.xcconfig */;
			buildSettings = {
				ASSETCATALOG_COMPILER_APPICON_NAME = AppIcon;
				INFOPLIST_FILE = FlappySwift/Info.plist;
				IPHONEOS_DEPLOYMENT_TARGET = 9.1;
				LD_RUNPATH_SEARCH_PATHS = "$(inherited) @executable_path/Frameworks";
				PRODUCT_BUNDLE_IDENTIFIER = co.uk.effectivecode.FlappySwift;
				PRODUCT_NAME = "$(TARGET_NAME)";
			};
			name = Release;
		};
/* End XCBuildConfiguration section */

/* Begin XCConfigurationList section */
		EEC8AD101BCC5636001E4F28 /* Build configuration list for PBXProject "FlappySwift" */ = {
			isa = XCConfigurationList;
			buildConfigurations = (
				EEC8AD291BCC5636001E4F28 /* Debug */,
				EEC8AD2A1BCC5636001E4F28 /* Release */,
			);
			defaultConfigurationIsVisible = 0;
			defaultConfigurationName = Release;
		};
		EEC8AD2B1BCC5636001E4F28 /* Build configuration list for PBXNativeTarget "FlappySwift" */ = {
			isa = XCConfigurationList;
			buildConfigurations = (
				EEC8AD2C1BCC5636001E4F28 /* Debug */,
				EEC8AD2D1BCC5636001E4F28 /* Release */,
			);
			defaultConfigurationIsVisible = 0;
			defaultConfigurationName = Release;
		};
/* End XCConfigurationList section */
	};
	rootObject = EEC8AD0D1BCC5636001E4F28 /* Project object */;
}
